
Microsoft Visual Studio Solution File, Format Version 12.00
# Visual Studio Version 17
VisualStudioVersion = 17.5.002.0
MinimumVisualStudioVersion = 10.0.40219.1
Project("{9A19103F-16F7-4668-BE54-9A1E7A4F7556}") = "GameStore.Api", "GameStore.Api.csproj", "{B61DA476-121A-47C5-A01E-C7DC451284B5}"
EndProject
Global
	GlobalSection(SolutionConfigurationPlatforms) = preSolution
		Debug|Any CPU = Debug|Any CPU
		Release|Any CPU = Release|Any CPU
	EndGlobalSection
	GlobalSection(ProjectConfigurationPlatforms) = postSolution
		{B61DA476-121A-47C5-A01E-C7DC451284B5}.Debug|Any CPU.ActiveCfg = Debug|Any CPU
		{B61DA476-121A-47C5-A01E-C7DC451284B5}.Debug|Any CPU.Build.0 = Debug|Any CPU
		{B61DA476-121A-47C5-A01E-C7DC451284B5}.Release|Any CPU.ActiveCfg = Release|Any CPU
		{B61DA476-121A-47C5-A01E-C7DC451284B5}.Release|Any CPU.Build.0 = Release|Any CPU
	EndGlobalSection
	GlobalSection(SolutionProperties) = preSolution
		HideSolutionNode = FALSE
	EndGlobalSection
	GlobalSection(ExtensibilityGlobals) = postSolution
		SolutionGuid = {918280D4-0DB1-45F9-9E45-FBC15AB3CDF6}
	EndGlobalSection
EndGlobal
